
Microsoft Visual Studio Solution File, Format Version 12.00
Project("{FAE04EC0-301F-11D3-BF4B-00C04F79EFBC}") = "SurfReport", "SurfReport.csproj", "{BA710A2F-DD4C-4B2C-A752-E2993CCAC0AF}"
EndProject
Global
	GlobalSection(SolutionConfigurationPlatforms) = preSolution
		Debug|Any CPU = Debug|Any CPU
		Release|Any CPU = Release|Any CPU
	EndGlobalSection
	GlobalSection(ProjectConfigurationPlatforms) = postSolution
		{BA710A2F-DD4C-4B2C-A752-E2993CCAC0AF}.Debug|Any CPU.ActiveCfg = Debug|Any CPU
		{BA710A2F-DD4C-4B2C-A752-E2993CCAC0AF}.Debug|Any CPU.Build.0 = Debug|Any CPU
		{BA710A2F-DD4C-4B2C-A752-E2993CCAC0AF}.Release|Any CPU.ActiveCfg = Release|Any CPU
		{BA710A2F-DD4C-4B2C-A752-E2993CCAC0AF}.Release|Any CPU.Build.0 = Release|Any CPU
	EndGlobalSection
EndGlobal
